// !$*UTF8*$!
{
	archiveVersion = 1;
	classes = {
	};
	objectVersion = 55;
	objects = {

/* Begin PBXBuildFile section */
		0129A1D86A29705DC67B1FA0 /* Pods_PillowKit_PillowKitUITests.framework in Frameworks */ = {isa = PBXBuildFile; fileRef = C5162B29727C0CE0FF19D295 /* Pods_PillowKit_PillowKitUITests.framework */; };
		6E2678E82A1663CE00ED02F3 /* PKHandler.swift in Sources */ = {isa = PBXBuildFile; fileRef = 6E2678E72A1663CE00ED02F3 /* PKHandler.swift */; };
		6E2678EA2A1663E500ED02F3 /* PKHandlerProtocol.swift in Sources */ = {isa = PBXBuildFile; fileRef = 6E2678E92A1663E500ED02F3 /* PKHandlerProtocol.swift */; };
		6E2678EC2A191B6800ED02F3 /* PKMainAPIProtocol.swift in Sources */ = {isa = PBXBuildFile; fileRef = 6E2678EB2A191B6800ED02F3 /* PKMainAPIProtocol.swift */; };
		6E2678EF2A191D4500ED02F3 /* SignUpViewController.swift in Sources */ = {isa = PBXBuildFile; fileRef = 6E2678EE2A191D4500ED02F3 /* SignUpViewController.swift */; };
		6E2678F12A191D5100ED02F3 /* SignUpPresenter.swift in Sources */ = {isa = PBXBuildFile; fileRef = 6E2678F02A191D5100ED02F3 /* SignUpPresenter.swift */; };
		6E2678F42A1AAB3800ED02F3 /* ResearchViewController.swift in Sources */ = {isa = PBXBuildFile; fileRef = 6E2678F32A1AAB3800ED02F3 /* ResearchViewController.swift */; };
		6E2678F62A1AAB4A00ED02F3 /* ResearchPresenter.swift in Sources */ = {isa = PBXBuildFile; fileRef = 6E2678F52A1AAB4A00ED02F3 /* ResearchPresenter.swift */; };
		6E5B90172A0A952D002D7DB3 /* AppDelegate.swift in Sources */ = {isa = PBXBuildFile; fileRef = 6E5B90162A0A952D002D7DB3 /* AppDelegate.swift */; };
		6E5B90192A0A952D002D7DB3 /* SceneDelegate.swift in Sources */ = {isa = PBXBuildFile; fileRef = 6E5B90182A0A952D002D7DB3 /* SceneDelegate.swift */; };
		6E5B901B2A0A952D002D7DB3 /* SignInViewController.swift in Sources */ = {isa = PBXBuildFile; fileRef = 6E5B901A2A0A952D002D7DB3 /* SignInViewController.swift */; };
		6E5B90202A0A952F002D7DB3 /* Assets.xcassets in Resources */ = {isa = PBXBuildFile; fileRef = 6E5B901F2A0A952F002D7DB3 /* Assets.xcassets */; };
		6E5B90232A0A952F002D7DB3 /* LaunchScreen.storyboard in Resources */ = {isa = PBXBuildFile; fileRef = 6E5B90212A0A952F002D7DB3 /* LaunchScreen.storyboard */; };
		6E5B902E2A0A9530002D7DB3 /* PillowKitTests.swift in Sources */ = {isa = PBXBuildFile; fileRef = 6E5B902D2A0A9530002D7DB3 /* PillowKitTests.swift */; };
		6E5B90382A0A9530002D7DB3 /* PillowKitUITests.swift in Sources */ = {isa = PBXBuildFile; fileRef = 6E5B90372A0A9530002D7DB3 /* PillowKitUITests.swift */; };
		6E5B903A2A0A9530002D7DB3 /* PillowKitUITestsLaunchTests.swift in Sources */ = {isa = PBXBuildFile; fileRef = 6E5B90392A0A9530002D7DB3 /* PillowKitUITestsLaunchTests.swift */; };
		6E5B904C2A0A9849002D7DB3 /* HTTPRequest.swift in Sources */ = {isa = PBXBuildFile; fileRef = 6E5B904B2A0A9849002D7DB3 /* HTTPRequest.swift */; };
		6E5B904E2A0A9887002D7DB3 /* HTTPBody.swift in Sources */ = {isa = PBXBuildFile; fileRef = 6E5B904D2A0A9887002D7DB3 /* HTTPBody.swift */; };
		6E5B90502A0A98BD002D7DB3 /* HTTPError.swift in Sources */ = {isa = PBXBuildFile; fileRef = 6E5B904F2A0A98BD002D7DB3 /* HTTPError.swift */; };
		6E5B90522A0A98E2002D7DB3 /* HTTPMethod.swift in Sources */ = {isa = PBXBuildFile; fileRef = 6E5B90512A0A98E2002D7DB3 /* HTTPMethod.swift */; };
		6E5B90542A0A9906002D7DB3 /* HTTPNetworkService.swift in Sources */ = {isa = PBXBuildFile; fileRef = 6E5B90532A0A9906002D7DB3 /* HTTPNetworkService.swift */; };
		6E5B90562A0A9955002D7DB3 /* HTTPQueryParams.swift in Sources */ = {isa = PBXBuildFile; fileRef = 6E5B90552A0A9955002D7DB3 /* HTTPQueryParams.swift */; };
		6E5B905B2A0A9B0C002D7DB3 /* PKMainAPI.swift in Sources */ = {isa = PBXBuildFile; fileRef = 6E5B905A2A0A9B0C002D7DB3 /* PKMainAPI.swift */; };
		6E5B90602A0A9C90002D7DB3 /* ViewsRulesRequest.swift in Sources */ = {isa = PBXBuildFile; fileRef = 6E5B905F2A0A9C90002D7DB3 /* ViewsRulesRequest.swift */; };
		6E5B90632A0A9D51002D7DB3 /* PKViewRulesResponseEntity.swift in Sources */ = {isa = PBXBuildFile; fileRef = 6E5B90622A0A9D51002D7DB3 /* PKViewRulesResponseEntity.swift */; };
		6E5B90662A0A9F43002D7DB3 /* PKEndpoint.swift in Sources */ = {isa = PBXBuildFile; fileRef = 6E5B90652A0A9F43002D7DB3 /* PKEndpoint.swift */; };
		6E5B90692A0A9FEA002D7DB3 /* PKSecret.swift in Sources */ = {isa = PBXBuildFile; fileRef = 6E5B90682A0A9FEA002D7DB3 /* PKSecret.swift */; };
		6E5B906C2A0AA126002D7DB3 /* Logger.swift in Sources */ = {isa = PBXBuildFile; fileRef = 6E5B906B2A0AA126002D7DB3 /* Logger.swift */; };
		6E5B90702A0BC110002D7DB3 /* SignInPresenter.swift in Sources */ = {isa = PBXBuildFile; fileRef = 6E5B906F2A0BC110002D7DB3 /* SignInPresenter.swift */; };
		6E5B90792A0BFD5A002D7DB3 /* PKViewsDataResponseEntity.swift in Sources */ = {isa = PBXBuildFile; fileRef = 6E5B90782A0BFD5A002D7DB3 /* PKViewsDataResponseEntity.swift */; };
		6E5B907C2A0BFF9B002D7DB3 /* PKViewRules.swift in Sources */ = {isa = PBXBuildFile; fileRef = 6E5B907B2A0BFF9B002D7DB3 /* PKViewRules.swift */; };
		6E5B90832A0BFFFC002D7DB3 /* PKViewsData.swift in Sources */ = {isa = PBXBuildFile; fileRef = 6E5B90822A0BFFFC002D7DB3 /* PKViewsData.swift */; };
		6E5B90872A0C109B002D7DB3 /* PKContainerBuilder.swift in Sources */ = {isa = PBXBuildFile; fileRef = 6E5B90862A0C109B002D7DB3 /* PKContainerBuilder.swift */; };
		6E5B908A2A0C1150002D7DB3 /* PKProvider.swift in Sources */ = {isa = PBXBuildFile; fileRef = 6E5B90892A0C1150002D7DB3 /* PKProvider.swift */; };
		6E5B908D2A0C1411002D7DB3 /* PKViewBuilder.swift in Sources */ = {isa = PBXBuildFile; fileRef = 6E5B908C2A0C1411002D7DB3 /* PKViewBuilder.swift */; };
		6E5B90912A0E4F31002D7DB3 /* UIColorExtensions.swift in Sources */ = {isa = PBXBuildFile; fileRef = 6E5B90902A0E4F31002D7DB3 /* UIColorExtensions.swift */; };
		6E5B909B2A0E5427002D7DB3 /* PKContainer.swift in Sources */ = {isa = PBXBuildFile; fileRef = 6E5B909A2A0E5427002D7DB3 /* PKContainer.swift */; };
		6E5B909D2A0E5456002D7DB3 /* PKLabel.swift in Sources */ = {isa = PBXBuildFile; fileRef = 6E5B909C2A0E5456002D7DB3 /* PKLabel.swift */; };
		6E5B90A02A0E54E1002D7DB3 /* PKImageView.swift in Sources */ = {isa = PBXBuildFile; fileRef = 6E5B909F2A0E54E1002D7DB3 /* PKImageView.swift */; };
		6E5B90A22A0E551B002D7DB3 /* PKTextField.swift in Sources */ = {isa = PBXBuildFile; fileRef = 6E5B90A12A0E551B002D7DB3 /* PKTextField.swift */; };
		6E5B90A42A0E5543002D7DB3 /* PKButton.swift in Sources */ = {isa = PBXBuildFile; fileRef = 6E5B90A32A0E5543002D7DB3 /* PKButton.swift */; };
		6E5B90B02A0FDEF0002D7DB3 /* PKViewProtocol.swift in Sources */ = {isa = PBXBuildFile; fileRef = 6E5B90AF2A0FDEF0002D7DB3 /* PKViewProtocol.swift */; };
		6E5B90B32A0FE57E002D7DB3 /* UIFontsExtensions.swift in Sources */ = {isa = PBXBuildFile; fileRef = 6E5B90B22A0FE57E002D7DB3 /* UIFontsExtensions.swift */; };
		6E5B90B52A0FE640002D7DB3 /* ALSSirius.ttf in Resources */ = {isa = PBXBuildFile; fileRef = 6E5B90B42A0FE640002D7DB3 /* ALSSirius.ttf */; };
		6E5B90B72A0FF769002D7DB3 /* UIImageViewExtension.swift in Sources */ = {isa = PBXBuildFile; fileRef = 6E5B90B62A0FF769002D7DB3 /* UIImageViewExtension.swift */; };
		6E5B90B92A100765002D7DB3 /* PKTextFieldWithPadding.swift in Sources */ = {isa = PBXBuildFile; fileRef = 6E5B90B82A100765002D7DB3 /* PKTextFieldWithPadding.swift */; };
		6E5B90BC2A102B79002D7DB3 /* PKViewWrapper.swift in Sources */ = {isa = PBXBuildFile; fileRef = 6E5B90BB2A102B79002D7DB3 /* PKViewWrapper.swift */; };
		6E5B90BF2A102C77002D7DB3 /* PKViewWrapperBuilder.swift in Sources */ = {isa = PBXBuildFile; fileRef = 6E5B90BE2A102C77002D7DB3 /* PKViewWrapperBuilder.swift */; };
		6E5B90C12A102CB4002D7DB3 /* PKViewWrapperBuilderProtocol.swift in Sources */ = {isa = PBXBuildFile; fileRef = 6E5B90C02A102CB4002D7DB3 /* PKViewWrapperBuilderProtocol.swift */; };
		6E5B90C32A102CF8002D7DB3 /* PKViewBuilderProtocol.swift in Sources */ = {isa = PBXBuildFile; fileRef = 6E5B90C22A102CF8002D7DB3 /* PKViewBuilderProtocol.swift */; };
		6E5B90C52A102D77002D7DB3 /* PKContainerBuilderProtocol.swift in Sources */ = {isa = PBXBuildFile; fileRef = 6E5B90C42A102D77002D7DB3 /* PKContainerBuilderProtocol.swift */; };
		6E5B90C82A111989002D7DB3 /* PKView.swift in Sources */ = {isa = PBXBuildFile; fileRef = 6E5B90C72A111989002D7DB3 /* PKView.swift */; };
		6E660B862A2211BE001C694E /* UIViewControllerExtensions.swift in Sources */ = {isa = PBXBuildFile; fileRef = 6E660B852A2211BE001C694E /* UIViewControllerExtensions.swift */; };
		A62BF27C1260BDD982B68CC6 /* Pods_PillowKit.framework in Frameworks */ = {isa = PBXBuildFile; fileRef = 3BB09CDD91FC5561611BB476 /* Pods_PillowKit.framework */; };
		AE5A6C45B32F270FC28C1E3E /* Pods_PillowKitTests.framework in Frameworks */ = {isa = PBXBuildFile; fileRef = 4D6912C1A83C3E220201CEB6 /* Pods_PillowKitTests.framework */; };
/* End PBXBuildFile section */

/* Begin PBXContainerItemProxy section */
		6E5B902A2A0A9530002D7DB3 /* PBXContainerItemProxy */ = {
			isa = PBXContainerItemProxy;
			containerPortal = 6E5B900B2A0A952D002D7DB3 /* Project object */;
			proxyType = 1;
			remoteGlobalIDString = 6E5B90122A0A952D002D7DB3;
			remoteInfo = PillowKit;
		};
		6E5B90342A0A9530002D7DB3 /* PBXContainerItemProxy */ = {
			isa = PBXContainerItemProxy;
			containerPortal = 6E5B900B2A0A952D002D7DB3 /* Project object */;
			proxyType = 1;
			remoteGlobalIDString = 6E5B90122A0A952D002D7DB3;
			remoteInfo = PillowKit;
		};
/* End PBXContainerItemProxy section */

/* Begin PBXFileReference section */
		1968AE7A8200A1B1F8A8CAD9 /* Pods-PillowKit.debug.xcconfig */ = {isa = PBXFileReference; includeInIndex = 1; lastKnownFileType = text.xcconfig; name = "Pods-PillowKit.debug.xcconfig"; path = "Target Support Files/Pods-PillowKit/Pods-PillowKit.debug.xcconfig"; sourceTree = "<group>"; };
		2328294140D1AEBDADAB2089 /* Pods-PillowKit-PillowKitUITests.release.xcconfig */ = {isa = PBXFileReference; includeInIndex = 1; lastKnownFileType = text.xcconfig; name = "Pods-PillowKit-PillowKitUITests.release.xcconfig"; path = "Target Support Files/Pods-PillowKit-PillowKitUITests/Pods-PillowKit-PillowKitUITests.release.xcconfig"; sourceTree = "<group>"; };
		3BB09CDD91FC5561611BB476 /* Pods_PillowKit.framework */ = {isa = PBXFileReference; explicitFileType = wrapper.framework; includeInIndex = 0; path = Pods_PillowKit.framework; sourceTree = BUILT_PRODUCTS_DIR; };
		49859F25AF67D6D1DDE68B62 /* Pods-PillowKitTests.release.xcconfig */ = {isa = PBXFileReference; includeInIndex = 1; lastKnownFileType = text.xcconfig; name = "Pods-PillowKitTests.release.xcconfig"; path = "Target Support Files/Pods-PillowKitTests/Pods-PillowKitTests.release.xcconfig"; sourceTree = "<group>"; };
		4D6912C1A83C3E220201CEB6 /* Pods_PillowKitTests.framework */ = {isa = PBXFileReference; explicitFileType = wrapper.framework; includeInIndex = 0; path = Pods_PillowKitTests.framework; sourceTree = BUILT_PRODUCTS_DIR; };
		54434D0C2F9FF0C41F88075C /* Pods-PillowKit-PillowKitUITests.debug.xcconfig */ = {isa = PBXFileReference; includeInIndex = 1; lastKnownFileType = text.xcconfig; name = "Pods-PillowKit-PillowKitUITests.debug.xcconfig"; path = "Target Support Files/Pods-PillowKit-PillowKitUITests/Pods-PillowKit-PillowKitUITests.debug.xcconfig"; sourceTree = "<group>"; };
		6E2678E72A1663CE00ED02F3 /* PKHandler.swift */ = {isa = PBXFileReference; lastKnownFileType = sourcecode.swift; path = PKHandler.swift; sourceTree = "<group>"; };
		6E2678E92A1663E500ED02F3 /* PKHandlerProtocol.swift */ = {isa = PBXFileReference; lastKnownFileType = sourcecode.swift; path = PKHandlerProtocol.swift; sourceTree = "<group>"; };
		6E2678EB2A191B6800ED02F3 /* PKMainAPIProtocol.swift */ = {isa = PBXFileReference; lastKnownFileType = sourcecode.swift; path = PKMainAPIProtocol.swift; sourceTree = "<group>"; };
		6E2678EE2A191D4500ED02F3 /* SignUpViewController.swift */ = {isa = PBXFileReference; lastKnownFileType = sourcecode.swift; path = SignUpViewController.swift; sourceTree = "<group>"; };
		6E2678F02A191D5100ED02F3 /* SignUpPresenter.swift */ = {isa = PBXFileReference; lastKnownFileType = sourcecode.swift; path = SignUpPresenter.swift; sourceTree = "<group>"; };
		6E2678F32A1AAB3800ED02F3 /* ResearchViewController.swift */ = {isa = PBXFileReference; lastKnownFileType = sourcecode.swift; path = ResearchViewController.swift; sourceTree = "<group>"; };
		6E2678F52A1AAB4A00ED02F3 /* ResearchPresenter.swift */ = {isa = PBXFileReference; lastKnownFileType = sourcecode.swift; path = ResearchPresenter.swift; sourceTree = "<group>"; };
		6E5B90132A0A952D002D7DB3 /* PillowKit.app */ = {isa = PBXFileReference; explicitFileType = wrapper.application; includeInIndex = 0; path = PillowKit.app; sourceTree = BUILT_PRODUCTS_DIR; };
		6E5B90162A0A952D002D7DB3 /* AppDelegate.swift */ = {isa = PBXFileReference; lastKnownFileType = sourcecode.swift; path = AppDelegate.swift; sourceTree = "<group>"; };
		6E5B90182A0A952D002D7DB3 /* SceneDelegate.swift */ = {isa = PBXFileReference; lastKnownFileType = sourcecode.swift; path = SceneDelegate.swift; sourceTree = "<group>"; };
		6E5B901A2A0A952D002D7DB3 /* SignInViewController.swift */ = {isa = PBXFileReference; lastKnownFileType = sourcecode.swift; path = SignInViewController.swift; sourceTree = "<group>"; };
		6E5B901F2A0A952F002D7DB3 /* Assets.xcassets */ = {isa = PBXFileReference; lastKnownFileType = folder.assetcatalog; path = Assets.xcassets; sourceTree = "<group>"; };
		6E5B90222A0A952F002D7DB3 /* Base */ = {isa = PBXFileReference; lastKnownFileType = file.storyboard; name = Base; path = Base.lproj/LaunchScreen.storyboard; sourceTree = "<group>"; };
		6E5B90242A0A952F002D7DB3 /* Info.plist */ = {isa = PBXFileReference; lastKnownFileType = text.plist.xml; path = Info.plist; sourceTree = "<group>"; };
		6E5B90292A0A9530002D7DB3 /* PillowKitTests.xctest */ = {isa = PBXFileReference; explicitFileType = wrapper.cfbundle; includeInIndex = 0; path = PillowKitTests.xctest; sourceTree = BUILT_PRODUCTS_DIR; };
		6E5B902D2A0A9530002D7DB3 /* PillowKitTests.swift */ = {isa = PBXFileReference; lastKnownFileType = sourcecode.swift; path = PillowKitTests.swift; sourceTree = "<group>"; };
		6E5B90332A0A9530002D7DB3 /* PillowKitUITests.xctest */ = {isa = PBXFileReference; explicitFileType = wrapper.cfbundle; includeInIndex = 0; path = PillowKitUITests.xctest; sourceTree = BUILT_PRODUCTS_DIR; };
		6E5B90372A0A9530002D7DB3 /* PillowKitUITests.swift */ = {isa = PBXFileReference; lastKnownFileType = sourcecode.swift; path = PillowKitUITests.swift; sourceTree = "<group>"; };
		6E5B90392A0A9530002D7DB3 /* PillowKitUITestsLaunchTests.swift */ = {isa = PBXFileReference; lastKnownFileType = sourcecode.swift; path = PillowKitUITestsLaunchTests.swift; sourceTree = "<group>"; };
		6E5B904B2A0A9849002D7DB3 /* HTTPRequest.swift */ = {isa = PBXFileReference; lastKnownFileType = sourcecode.swift; path = HTTPRequest.swift; sourceTree = "<group>"; };
		6E5B904D2A0A9887002D7DB3 /* HTTPBody.swift */ = {isa = PBXFileReference; lastKnownFileType = sourcecode.swift; path = HTTPBody.swift; sourceTree = "<group>"; };
		6E5B904F2A0A98BD002D7DB3 /* HTTPError.swift */ = {isa = PBXFileReference; lastKnownFileType = sourcecode.swift; path = HTTPError.swift; sourceTree = "<group>"; };
		6E5B90512A0A98E2002D7DB3 /* HTTPMethod.swift */ = {isa = PBXFileReference; lastKnownFileType = sourcecode.swift; path = HTTPMethod.swift; sourceTree = "<group>"; };
		6E5B90532A0A9906002D7DB3 /* HTTPNetworkService.swift */ = {isa = PBXFileReference; lastKnownFileType = sourcecode.swift; path = HTTPNetworkService.swift; sourceTree = "<group>"; };
		6E5B90552A0A9955002D7DB3 /* HTTPQueryParams.swift */ = {isa = PBXFileReference; lastKnownFileType = sourcecode.swift; path = HTTPQueryParams.swift; sourceTree = "<group>"; };
		6E5B905A2A0A9B0C002D7DB3 /* PKMainAPI.swift */ = {isa = PBXFileReference; lastKnownFileType = sourcecode.swift; path = PKMainAPI.swift; sourceTree = "<group>"; };
		6E5B905F2A0A9C90002D7DB3 /* ViewsRulesRequest.swift */ = {isa = PBXFileReference; lastKnownFileType = sourcecode.swift; path = ViewsRulesRequest.swift; sourceTree = "<group>"; };
		6E5B90622A0A9D51002D7DB3 /* PKViewRulesResponseEntity.swift */ = {isa = PBXFileReference; lastKnownFileType = sourcecode.swift; path = PKViewRulesResponseEntity.swift; sourceTree = "<group>"; };
		6E5B90652A0A9F43002D7DB3 /* PKEndpoint.swift */ = {isa = PBXFileReference; lastKnownFileType = sourcecode.swift; path = PKEndpoint.swift; sourceTree = "<group>"; };
		6E5B90682A0A9FEA002D7DB3 /* PKSecret.swift */ = {isa = PBXFileReference; lastKnownFileType = sourcecode.swift; path = PKSecret.swift; sourceTree = "<group>"; };
		6E5B906B2A0AA126002D7DB3 /* Logger.swift */ = {isa = PBXFileReference; lastKnownFileType = sourcecode.swift; path = Logger.swift; sourceTree = "<group>"; };
		6E5B906F2A0BC110002D7DB3 /* SignInPresenter.swift */ = {isa = PBXFileReference; lastKnownFileType = sourcecode.swift; path = SignInPresenter.swift; sourceTree = "<group>"; };
		6E5B90782A0BFD5A002D7DB3 /* PKViewsDataResponseEntity.swift */ = {isa = PBXFileReference; lastKnownFileType = sourcecode.swift; path = PKViewsDataResponseEntity.swift; sourceTree = "<group>"; };
		6E5B907B2A0BFF9B002D7DB3 /* PKViewRules.swift */ = {isa = PBXFileReference; lastKnownFileType = sourcecode.swift; path = PKViewRules.swift; sourceTree = "<group>"; };
		6E5B90822A0BFFFC002D7DB3 /* PKViewsData.swift */ = {isa = PBXFileReference; lastKnownFileType = sourcecode.swift; path = PKViewsData.swift; sourceTree = "<group>"; };
		6E5B90862A0C109B002D7DB3 /* PKContainerBuilder.swift */ = {isa = PBXFileReference; lastKnownFileType = sourcecode.swift; path = PKContainerBuilder.swift; sourceTree = "<group>"; };
		6E5B90892A0C1150002D7DB3 /* PKProvider.swift */ = {isa = PBXFileReference; lastKnownFileType = sourcecode.swift; path = PKProvider.swift; sourceTree = "<group>"; };
		6E5B908C2A0C1411002D7DB3 /* PKViewBuilder.swift */ = {isa = PBXFileReference; lastKnownFileType = sourcecode.swift; path = PKViewBuilder.swift; sourceTree = "<group>"; };
		6E5B90902A0E4F31002D7DB3 /* UIColorExtensions.swift */ = {isa = PBXFileReference; lastKnownFileType = sourcecode.swift; path = UIColorExtensions.swift; sourceTree = "<group>"; };
		6E5B909A2A0E5427002D7DB3 /* PKContainer.swift */ = {isa = PBXFileReference; lastKnownFileType = sourcecode.swift; path = PKContainer.swift; sourceTree = "<group>"; };
		6E5B909C2A0E5456002D7DB3 /* PKLabel.swift */ = {isa = PBXFileReference; lastKnownFileType = sourcecode.swift; path = PKLabel.swift; sourceTree = "<group>"; };
		6E5B909F2A0E54E1002D7DB3 /* PKImageView.swift */ = {isa = PBXFileReference; lastKnownFileType = sourcecode.swift; path = PKImageView.swift; sourceTree = "<group>"; };
		6E5B90A12A0E551B002D7DB3 /* PKTextField.swift */ = {isa = PBXFileReference; lastKnownFileType = sourcecode.swift; path = PKTextField.swift; sourceTree = "<group>"; };
		6E5B90A32A0E5543002D7DB3 /* PKButton.swift */ = {isa = PBXFileReference; lastKnownFileType = sourcecode.swift; path = PKButton.swift; sourceTree = "<group>"; };
		6E5B90AF2A0FDEF0002D7DB3 /* PKViewProtocol.swift */ = {isa = PBXFileReference; lastKnownFileType = sourcecode.swift; path = PKViewProtocol.swift; sourceTree = "<group>"; };
		6E5B90B22A0FE57E002D7DB3 /* UIFontsExtensions.swift */ = {isa = PBXFileReference; lastKnownFileType = sourcecode.swift; path = UIFontsExtensions.swift; sourceTree = "<group>"; };
		6E5B90B42A0FE640002D7DB3 /* ALSSirius.ttf */ = {isa = PBXFileReference; lastKnownFileType = file; path = ALSSirius.ttf; sourceTree = "<group>"; };
		6E5B90B62A0FF769002D7DB3 /* UIImageViewExtension.swift */ = {isa = PBXFileReference; lastKnownFileType = sourcecode.swift; path = UIImageViewExtension.swift; sourceTree = "<group>"; };
		6E5B90B82A100765002D7DB3 /* PKTextFieldWithPadding.swift */ = {isa = PBXFileReference; lastKnownFileType = sourcecode.swift; path = PKTextFieldWithPadding.swift; sourceTree = "<group>"; };
		6E5B90BB2A102B79002D7DB3 /* PKViewWrapper.swift */ = {isa = PBXFileReference; lastKnownFileType = sourcecode.swift; path = PKViewWrapper.swift; sourceTree = "<group>"; };
		6E5B90BE2A102C77002D7DB3 /* PKViewWrapperBuilder.swift */ = {isa = PBXFileReference; lastKnownFileType = sourcecode.swift; path = PKViewWrapperBuilder.swift; sourceTree = "<group>"; };
		6E5B90C02A102CB4002D7DB3 /* PKViewWrapperBuilderProtocol.swift */ = {isa = PBXFileReference; lastKnownFileType = sourcecode.swift; path = PKViewWrapperBuilderProtocol.swift; sourceTree = "<group>"; };
		6E5B90C22A102CF8002D7DB3 /* PKViewBuilderProtocol.swift */ = {isa = PBXFileReference; lastKnownFileType = sourcecode.swift; path = PKViewBuilderProtocol.swift; sourceTree = "<group>"; };
		6E5B90C42A102D77002D7DB3 /* PKContainerBuilderProtocol.swift */ = {isa = PBXFileReference; lastKnownFileType = sourcecode.swift; path = PKContainerBuilderProtocol.swift; sourceTree = "<group>"; };
		6E5B90C72A111989002D7DB3 /* PKView.swift */ = {isa = PBXFileReference; lastKnownFileType = sourcecode.swift; path = PKView.swift; sourceTree = "<group>"; };
		6E660B852A2211BE001C694E /* UIViewControllerExtensions.swift */ = {isa = PBXFileReference; lastKnownFileType = sourcecode.swift; path = UIViewControllerExtensions.swift; sourceTree = "<group>"; };
		A91677EAC6DBCCFD8FBA90B4 /* Pods-PillowKitTests.debug.xcconfig */ = {isa = PBXFileReference; includeInIndex = 1; lastKnownFileType = text.xcconfig; name = "Pods-PillowKitTests.debug.xcconfig"; path = "Target Support Files/Pods-PillowKitTests/Pods-PillowKitTests.debug.xcconfig"; sourceTree = "<group>"; };
		C5162B29727C0CE0FF19D295 /* Pods_PillowKit_PillowKitUITests.framework */ = {isa = PBXFileReference; explicitFileType = wrapper.framework; includeInIndex = 0; path = Pods_PillowKit_PillowKitUITests.framework; sourceTree = BUILT_PRODUCTS_DIR; };
		FD72F1FBD6F1A3DB394261FD /* Pods-PillowKit.release.xcconfig */ = {isa = PBXFileReference; includeInIndex = 1; lastKnownFileType = text.xcconfig; name = "Pods-PillowKit.release.xcconfig"; path = "Target Support Files/Pods-PillowKit/Pods-PillowKit.release.xcconfig"; sourceTree = "<group>"; };
/* End PBXFileReference section */

/* Begin PBXFrameworksBuildPhase section */
		6E5B90102A0A952D002D7DB3 /* Frameworks */ = {
			isa = PBXFrameworksBuildPhase;
			buildActionMask = 2147483647;
			files = (
				A62BF27C1260BDD982B68CC6 /* Pods_PillowKit.framework in Frameworks */,
			);
			runOnlyForDeploymentPostprocessing = 0;
		};
		6E5B90262A0A9530002D7DB3 /* Frameworks */ = {
			isa = PBXFrameworksBuildPhase;
			buildActionMask = 2147483647;
			files = (
				AE5A6C45B32F270FC28C1E3E /* Pods_PillowKitTests.framework in Frameworks */,
			);
			runOnlyForDeploymentPostprocessing = 0;
		};
		6E5B90302A0A9530002D7DB3 /* Frameworks */ = {
			isa = PBXFrameworksBuildPhase;
			buildActionMask = 2147483647;
			files = (
				0129A1D86A29705DC67B1FA0 /* Pods_PillowKit_PillowKitUITests.framework in Frameworks */,
			);
			runOnlyForDeploymentPostprocessing = 0;
		};
/* End PBXFrameworksBuildPhase section */

/* Begin PBXGroup section */
		0C9EF149FC452B0CBAB7DA0E /* Pods */ = {
			isa = PBXGroup;
			children = (
				1968AE7A8200A1B1F8A8CAD9 /* Pods-PillowKit.debug.xcconfig */,
				FD72F1FBD6F1A3DB394261FD /* Pods-PillowKit.release.xcconfig */,
				54434D0C2F9FF0C41F88075C /* Pods-PillowKit-PillowKitUITests.debug.xcconfig */,
				2328294140D1AEBDADAB2089 /* Pods-PillowKit-PillowKitUITests.release.xcconfig */,
				A91677EAC6DBCCFD8FBA90B4 /* Pods-PillowKitTests.debug.xcconfig */,
				49859F25AF67D6D1DDE68B62 /* Pods-PillowKitTests.release.xcconfig */,
			);
			path = Pods;
			sourceTree = "<group>";
		};
		6E2678E62A16639E00ED02F3 /* PKHandler */ = {
			isa = PBXGroup;
			children = (
				6E2678E72A1663CE00ED02F3 /* PKHandler.swift */,
				6E2678E92A1663E500ED02F3 /* PKHandlerProtocol.swift */,
			);
			path = PKHandler;
			sourceTree = "<group>";
		};
		6E2678ED2A191D1C00ED02F3 /* SignUp */ = {
			isa = PBXGroup;
			children = (
				6E2678EE2A191D4500ED02F3 /* SignUpViewController.swift */,
				6E2678F02A191D5100ED02F3 /* SignUpPresenter.swift */,
			);
			path = SignUp;
			sourceTree = "<group>";
		};
		6E2678F22A1AAB1C00ED02F3 /* Research */ = {
			isa = PBXGroup;
			children = (
				6E2678F32A1AAB3800ED02F3 /* ResearchViewController.swift */,
				6E2678F52A1AAB4A00ED02F3 /* ResearchPresenter.swift */,
			);
			path = Research;
			sourceTree = "<group>";
		};
		6E4BB5AB2A210C7B0005A1DE /* Extensions */ = {
			isa = PBXGroup;
			children = (
				6E5B90902A0E4F31002D7DB3 /* UIColorExtensions.swift */,
				6E5B90B22A0FE57E002D7DB3 /* UIFontsExtensions.swift */,
				6E5B90B62A0FF769002D7DB3 /* UIImageViewExtension.swift */,
				6E660B852A2211BE001C694E /* UIViewControllerExtensions.swift */,
			);
			path = Extensions;
			sourceTree = "<group>";
		};
		6E5B900A2A0A952D002D7DB3 = {
			isa = PBXGroup;
			children = (
				6E5B90152A0A952D002D7DB3 /* PillowKit */,
				6E5B902C2A0A9530002D7DB3 /* PillowKitTests */,
				6E5B90362A0A9530002D7DB3 /* PillowKitUITests */,
				6E5B90142A0A952D002D7DB3 /* Products */,
				0C9EF149FC452B0CBAB7DA0E /* Pods */,
				E0D86C7EFDE9A4B023FC66AE /* Frameworks */,
			);
			sourceTree = "<group>";
		};
		6E5B90142A0A952D002D7DB3 /* Products */ = {
			isa = PBXGroup;
			children = (
				6E5B90132A0A952D002D7DB3 /* PillowKit.app */,
				6E5B90292A0A9530002D7DB3 /* PillowKitTests.xctest */,
				6E5B90332A0A9530002D7DB3 /* PillowKitUITests.xctest */,
			);
			name = Products;
			sourceTree = "<group>";
		};
		6E5B90152A0A952D002D7DB3 /* PillowKit */ = {
			isa = PBXGroup;
			children = (
				6E5B906E2A0BC069002D7DB3 /* PKDemo */,
				6E5B90852A0C107F002D7DB3 /* Core */,
				6E5B90242A0A952F002D7DB3 /* Info.plist */,
			);
			path = PillowKit;
			sourceTree = "<group>";
		};
		6E5B902C2A0A9530002D7DB3 /* PillowKitTests */ = {
			isa = PBXGroup;
			children = (
				6E5B902D2A0A9530002D7DB3 /* PillowKitTests.swift */,
			);
			path = PillowKitTests;
			sourceTree = "<group>";
		};
		6E5B90362A0A9530002D7DB3 /* PillowKitUITests */ = {
			isa = PBXGroup;
			children = (
				6E5B90372A0A9530002D7DB3 /* PillowKitUITests.swift */,
				6E5B90392A0A9530002D7DB3 /* PillowKitUITestsLaunchTests.swift */,
			);
			path = PillowKitUITests;
			sourceTree = "<group>";
		};
		6E5B90482A0A95E2002D7DB3 /* PKNetwork */ = {
			isa = PBXGroup;
			children = (
				6E5B905C2A0A9C00002D7DB3 /* HTTP */,
				6E5B90592A0A9AEC002D7DB3 /* APIs */,
				6E5B90642A0A9EFD002D7DB3 /* Endpoints */,
				6E5B90672A0A9FC7002D7DB3 /* Secrets */,
			);
			path = PKNetwork;
			sourceTree = "<group>";
		};
		6E5B904A2A0A9600002D7DB3 /* System */ = {
			isa = PBXGroup;
			children = (
				6E5B90162A0A952D002D7DB3 /* AppDelegate.swift */,
				6E5B90182A0A952D002D7DB3 /* SceneDelegate.swift */,
				6E5B90212A0A952F002D7DB3 /* LaunchScreen.storyboard */,
				6E5B901F2A0A952F002D7DB3 /* Assets.xcassets */,
			);
			path = System;
			sourceTree = "<group>";
		};
		6E5B90592A0A9AEC002D7DB3 /* APIs */ = {
			isa = PBXGroup;
			children = (
				6E5B905E2A0A9C36002D7DB3 /* PKMainAPI */,
				6E5B905A2A0A9B0C002D7DB3 /* PKMainAPI.swift */,
				6E2678EB2A191B6800ED02F3 /* PKMainAPIProtocol.swift */,
			);
			path = APIs;
			sourceTree = "<group>";
		};
		6E5B905C2A0A9C00002D7DB3 /* HTTP */ = {
			isa = PBXGroup;
			children = (
				6E5B90512A0A98E2002D7DB3 /* HTTPMethod.swift */,
				6E5B904D2A0A9887002D7DB3 /* HTTPBody.swift */,
				6E5B904F2A0A98BD002D7DB3 /* HTTPError.swift */,
				6E5B904B2A0A9849002D7DB3 /* HTTPRequest.swift */,
				6E5B90532A0A9906002D7DB3 /* HTTPNetworkService.swift */,
				6E5B90552A0A9955002D7DB3 /* HTTPQueryParams.swift */,
			);
			path = HTTP;
			sourceTree = "<group>";
		};
		6E5B905D2A0A9C18002D7DB3 /* Requests */ = {
			isa = PBXGroup;
			children = (
				6E5B905F2A0A9C90002D7DB3 /* ViewsRulesRequest.swift */,
			);
			path = Requests;
			sourceTree = "<group>";
		};
		6E5B905E2A0A9C36002D7DB3 /* PKMainAPI */ = {
			isa = PBXGroup;
			children = (
				6E5B905D2A0A9C18002D7DB3 /* Requests */,
				6E5B90612A0A9CAD002D7DB3 /* ResponseEntities */,
			);
			path = PKMainAPI;
			sourceTree = "<group>";
		};
		6E5B90612A0A9CAD002D7DB3 /* ResponseEntities */ = {
			isa = PBXGroup;
			children = (
				6E5B90782A0BFD5A002D7DB3 /* PKViewsDataResponseEntity.swift */,
				6E5B90622A0A9D51002D7DB3 /* PKViewRulesResponseEntity.swift */,
			);
			path = ResponseEntities;
			sourceTree = "<group>";
		};
		6E5B90642A0A9EFD002D7DB3 /* Endpoints */ = {
			isa = PBXGroup;
			children = (
				6E5B90652A0A9F43002D7DB3 /* PKEndpoint.swift */,
			);
			path = Endpoints;
			sourceTree = "<group>";
		};
		6E5B90672A0A9FC7002D7DB3 /* Secrets */ = {
			isa = PBXGroup;
			children = (
				6E5B90682A0A9FEA002D7DB3 /* PKSecret.swift */,
			);
			path = Secrets;
			sourceTree = "<group>";
		};
		6E5B906A2A0AA103002D7DB3 /* Logger */ = {
			isa = PBXGroup;
			children = (
				6E5B906B2A0AA126002D7DB3 /* Logger.swift */,
			);
			path = Logger;
			sourceTree = "<group>";
		};
		6E5B906E2A0BC069002D7DB3 /* PKDemo */ = {
			isa = PBXGroup;
			children = (
				6E2678F22A1AAB1C00ED02F3 /* Research */,
				6E2678ED2A191D1C00ED02F3 /* SignUp */,
				6E5B90AA2A0E9559002D7DB3 /* SignIn */,
				6E5B904A2A0A9600002D7DB3 /* System */,
			);
			path = PKDemo;
			sourceTree = "<group>";
		};
		6E5B90752A0BE027002D7DB3 /* PKModels */ = {
			isa = PBXGroup;
			children = (
				6E5B907A2A0BFF83002D7DB3 /* PKViewRules */,
				6E5B907F2A0BFFDB002D7DB3 /* PKViewsData */,
			);
			path = PKModels;
			sourceTree = "<group>";
		};
		6E5B907A2A0BFF83002D7DB3 /* PKViewRules */ = {
			isa = PBXGroup;
			children = (
				6E5B907B2A0BFF9B002D7DB3 /* PKViewRules.swift */,
			);
			path = PKViewRules;
			sourceTree = "<group>";
		};
		6E5B907F2A0BFFDB002D7DB3 /* PKViewsData */ = {
			isa = PBXGroup;
			children = (
				6E5B90822A0BFFFC002D7DB3 /* PKViewsData.swift */,
			);
			path = PKViewsData;
			sourceTree = "<group>";
		};
		6E5B90842A0C106B002D7DB3 /* PKContainerBuilder */ = {
			isa = PBXGroup;
			children = (
				6E5B90862A0C109B002D7DB3 /* PKContainerBuilder.swift */,
				6E5B90C42A102D77002D7DB3 /* PKContainerBuilderProtocol.swift */,
			);
			path = PKContainerBuilder;
			sourceTree = "<group>";
		};
		6E5B90852A0C107F002D7DB3 /* Core */ = {
			isa = PBXGroup;
			children = (
				6E2678E62A16639E00ED02F3 /* PKHandler */,
				6E5B90992A0E53E8002D7DB3 /* PKContainer */,
				6E5B90842A0C106B002D7DB3 /* PKContainerBuilder */,
				6E5B90BA2A1014C2002D7DB3 /* PKViewWrapper */,
				6E5B90BD2A102C55002D7DB3 /* PKViewWrapperBuilder */,
				6E5B90922A0E52E0002D7DB3 /* PKViews */,
				6E5B908B2A0C13B1002D7DB3 /* PKViewBuilder */,
				6E5B90882A0C1143002D7DB3 /* PKProvider */,
				6E5B90752A0BE027002D7DB3 /* PKModels */,
				6E5B90C62A11195E002D7DB3 /* PKTypes */,
				6E5B90482A0A95E2002D7DB3 /* PKNetwork */,
				6E5B908E2A0E4F06002D7DB3 /* Utils */,
			);
			path = Core;
			sourceTree = "<group>";
		};
		6E5B90882A0C1143002D7DB3 /* PKProvider */ = {
			isa = PBXGroup;
			children = (
				6E5B90892A0C1150002D7DB3 /* PKProvider.swift */,
			);
			path = PKProvider;
			sourceTree = "<group>";
		};
		6E5B908B2A0C13B1002D7DB3 /* PKViewBuilder */ = {
			isa = PBXGroup;
			children = (
				6E5B908C2A0C1411002D7DB3 /* PKViewBuilder.swift */,
				6E5B90C22A102CF8002D7DB3 /* PKViewBuilderProtocol.swift */,
			);
			path = PKViewBuilder;
			sourceTree = "<group>";
		};
		6E5B908E2A0E4F06002D7DB3 /* Utils */ = {
			isa = PBXGroup;
			children = (
				6E5B906A2A0AA103002D7DB3 /* Logger */,
				6E4BB5AB2A210C7B0005A1DE /* Extensions */,
				6E5B90B12A0FE570002D7DB3 /* Fonts */,
			);
			path = Utils;
			sourceTree = "<group>";
		};
		6E5B90922A0E52E0002D7DB3 /* PKViews */ = {
			isa = PBXGroup;
			children = (
				6E5B90932A0E5304002D7DB3 /* PKLabel */,
				6E5B90952A0E539C002D7DB3 /* PKImageView */,
				6E5B90982A0E53BB002D7DB3 /* PKTextField */,
				6E5B909E2A0E54B8002D7DB3 /* PKButton */,
				6E5B90AF2A0FDEF0002D7DB3 /* PKViewProtocol.swift */,
			);
			path = PKViews;
			sourceTree = "<group>";
		};
		6E5B90932A0E5304002D7DB3 /* PKLabel */ = {
			isa = PBXGroup;
			children = (
				6E5B909C2A0E5456002D7DB3 /* PKLabel.swift */,
			);
			path = PKLabel;
			sourceTree = "<group>";
		};
		6E5B90952A0E539C002D7DB3 /* PKImageView */ = {
			isa = PBXGroup;
			children = (
				6E5B909F2A0E54E1002D7DB3 /* PKImageView.swift */,
			);
			path = PKImageView;
			sourceTree = "<group>";
		};
		6E5B90982A0E53BB002D7DB3 /* PKTextField */ = {
			isa = PBXGroup;
			children = (
				6E5B90A12A0E551B002D7DB3 /* PKTextField.swift */,
				6E5B90B82A100765002D7DB3 /* PKTextFieldWithPadding.swift */,
			);
			path = PKTextField;
			sourceTree = "<group>";
		};
		6E5B90992A0E53E8002D7DB3 /* PKContainer */ = {
			isa = PBXGroup;
			children = (
				6E5B909A2A0E5427002D7DB3 /* PKContainer.swift */,
			);
			path = PKContainer;
			sourceTree = "<group>";
		};
		6E5B909E2A0E54B8002D7DB3 /* PKButton */ = {
			isa = PBXGroup;
			children = (
				6E5B90A32A0E5543002D7DB3 /* PKButton.swift */,
			);
			path = PKButton;
			sourceTree = "<group>";
		};
		6E5B90AA2A0E9559002D7DB3 /* SignIn */ = {
			isa = PBXGroup;
			children = (
				6E5B901A2A0A952D002D7DB3 /* SignInViewController.swift */,
				6E5B906F2A0BC110002D7DB3 /* SignInPresenter.swift */,
			);
			path = SignIn;
			sourceTree = "<group>";
		};
		6E5B90B12A0FE570002D7DB3 /* Fonts */ = {
			isa = PBXGroup;
			children = (
				6E5B90B42A0FE640002D7DB3 /* ALSSirius.ttf */,
			);
			path = Fonts;
			sourceTree = "<group>";
		};
		6E5B90BA2A1014C2002D7DB3 /* PKViewWrapper */ = {
			isa = PBXGroup;
			children = (
				6E5B90BB2A102B79002D7DB3 /* PKViewWrapper.swift */,
			);
			path = PKViewWrapper;
			sourceTree = "<group>";
		};
		6E5B90BD2A102C55002D7DB3 /* PKViewWrapperBuilder */ = {
			isa = PBXGroup;
			children = (
				6E5B90BE2A102C77002D7DB3 /* PKViewWrapperBuilder.swift */,
				6E5B90C02A102CB4002D7DB3 /* PKViewWrapperBuilderProtocol.swift */,
			);
			path = PKViewWrapperBuilder;
			sourceTree = "<group>";
		};
		6E5B90C62A11195E002D7DB3 /* PKTypes */ = {
			isa = PBXGroup;
			children = (
				6E5B90C72A111989002D7DB3 /* PKView.swift */,
			);
			path = PKTypes;
			sourceTree = "<group>";
		};
		E0D86C7EFDE9A4B023FC66AE /* Frameworks */ = {
			isa = PBXGroup;
			children = (
				3BB09CDD91FC5561611BB476 /* Pods_PillowKit.framework */,
				C5162B29727C0CE0FF19D295 /* Pods_PillowKit_PillowKitUITests.framework */,
				4D6912C1A83C3E220201CEB6 /* Pods_PillowKitTests.framework */,
			);
			name = Frameworks;
			sourceTree = "<group>";
		};
/* End PBXGroup section */

/* Begin PBXNativeTarget section */
		6E5B90122A0A952D002D7DB3 /* PillowKit */ = {
			isa = PBXNativeTarget;
			buildConfigurationList = 6E5B903D2A0A9530002D7DB3 /* Build configuration list for PBXNativeTarget "PillowKit" */;
			buildPhases = (
				70256F4076787445B08E4F6C /* [CP] Check Pods Manifest.lock */,
				6E5B900F2A0A952D002D7DB3 /* Sources */,
				6E5B90102A0A952D002D7DB3 /* Frameworks */,
				6E5B90112A0A952D002D7DB3 /* Resources */,
				23F054102C936393B3E842F0 /* [CP] Embed Pods Frameworks */,
			);
			buildRules = (
			);
			dependencies = (
			);
			name = PillowKit;
			productName = PillowKit;
			productReference = 6E5B90132A0A952D002D7DB3 /* PillowKit.app */;
			productType = "com.apple.product-type.application";
		};
		6E5B90282A0A9530002D7DB3 /* PillowKitTests */ = {
			isa = PBXNativeTarget;
			buildConfigurationList = 6E5B90402A0A9530002D7DB3 /* Build configuration list for PBXNativeTarget "PillowKitTests" */;
			buildPhases = (
				9283CB809653DB57A16868D9 /* [CP] Check Pods Manifest.lock */,
				6E5B90252A0A9530002D7DB3 /* Sources */,
				6E5B90262A0A9530002D7DB3 /* Frameworks */,
				6E5B90272A0A9530002D7DB3 /* Resources */,
			);
			buildRules = (
			);
			dependencies = (
				6E5B902B2A0A9530002D7DB3 /* PBXTargetDependency */,
			);
			name = PillowKitTests;
			productName = PillowKitTests;
			productReference = 6E5B90292A0A9530002D7DB3 /* PillowKitTests.xctest */;
			productType = "com.apple.product-type.bundle.unit-test";
		};
		6E5B90322A0A9530002D7DB3 /* PillowKitUITests */ = {
			isa = PBXNativeTarget;
			buildConfigurationList = 6E5B90432A0A9530002D7DB3 /* Build configuration list for PBXNativeTarget "PillowKitUITests" */;
			buildPhases = (
				3A548F37E1F22FAF1EA6C891 /* [CP] Check Pods Manifest.lock */,
				6E5B902F2A0A9530002D7DB3 /* Sources */,
				6E5B90302A0A9530002D7DB3 /* Frameworks */,
				6E5B90312A0A9530002D7DB3 /* Resources */,
				F629C778ECE9EB4A936CF85A /* [CP] Embed Pods Frameworks */,
			);
			buildRules = (
			);
			dependencies = (
				6E5B90352A0A9530002D7DB3 /* PBXTargetDependency */,
			);
			name = PillowKitUITests;
			productName = PillowKitUITests;
			productReference = 6E5B90332A0A9530002D7DB3 /* PillowKitUITests.xctest */;
			productType = "com.apple.product-type.bundle.ui-testing";
		};
/* End PBXNativeTarget section */

/* Begin PBXProject section */
		6E5B900B2A0A952D002D7DB3 /* Project object */ = {
			isa = PBXProject;
			attributes = {
				BuildIndependentTargetsInParallel = 1;
				LastSwiftUpdateCheck = 1340;
				LastUpgradeCheck = 1340;
				TargetAttributes = {
					6E5B90122A0A952D002D7DB3 = {
						CreatedOnToolsVersion = 13.4.1;
					};
					6E5B90282A0A9530002D7DB3 = {
						CreatedOnToolsVersion = 13.4.1;
						TestTargetID = 6E5B90122A0A952D002D7DB3;
					};
					6E5B90322A0A9530002D7DB3 = {
						CreatedOnToolsVersion = 13.4.1;
						TestTargetID = 6E5B90122A0A952D002D7DB3;
					};
				};
			};
			buildConfigurationList = 6E5B900E2A0A952D002D7DB3 /* Build configuration list for PBXProject "PillowKit" */;
			compatibilityVersion = "Xcode 13.0";
			developmentRegion = en;
			hasScannedForEncodings = 0;
			knownRegions = (
				en,
				Base,
			);
			mainGroup = 6E5B900A2A0A952D002D7DB3;
			productRefGroup = 6E5B90142A0A952D002D7DB3 /* Products */;
			projectDirPath = "";
			projectRoot = "";
			targets = (
				6E5B90122A0A952D002D7DB3 /* PillowKit */,
				6E5B90282A0A9530002D7DB3 /* PillowKitTests */,
				6E5B90322A0A9530002D7DB3 /* PillowKitUITests */,
			);
		};
/* End PBXProject section */

/* Begin PBXResourcesBuildPhase section */
		6E5B90112A0A952D002D7DB3 /* Resources */ = {
			isa = PBXResourcesBuildPhase;
			buildActionMask = 2147483647;
			files = (
				6E5B90B52A0FE640002D7DB3 /* ALSSirius.ttf in Resources */,
				6E5B90232A0A952F002D7DB3 /* LaunchScreen.storyboard in Resources */,
				6E5B90202A0A952F002D7DB3 /* Assets.xcassets in Resources */,
			);
			runOnlyForDeploymentPostprocessing = 0;
		};
		6E5B90272A0A9530002D7DB3 /* Resources */ = {
			isa = PBXResourcesBuildPhase;
			buildActionMask = 2147483647;
			files = (
			);
			runOnlyForDeploymentPostprocessing = 0;
		};
		6E5B90312A0A9530002D7DB3 /* Resources */ = {
			isa = PBXResourcesBuildPhase;
			buildActionMask = 2147483647;
			files = (
			);
			runOnlyForDeploymentPostprocessing = 0;
		};
/* End PBXResourcesBuildPhase section */

/* Begin PBXShellScriptBuildPhase section */
		23F054102C936393B3E842F0 /* [CP] Embed Pods Frameworks */ = {
			isa = PBXShellScriptBuildPhase;
			buildActionMask = 2147483647;
			files = (
			);
			inputFileListPaths = (
				"${PODS_ROOT}/Target Support Files/Pods-PillowKit/Pods-PillowKit-frameworks-${CONFIGURATION}-input-files.xcfilelist",
			);
			name = "[CP] Embed Pods Frameworks";
			outputFileListPaths = (
				"${PODS_ROOT}/Target Support Files/Pods-PillowKit/Pods-PillowKit-frameworks-${CONFIGURATION}-output-files.xcfilelist",
			);
			runOnlyForDeploymentPostprocessing = 0;
			shellPath = /bin/sh;
			shellScript = "\"${PODS_ROOT}/Target Support Files/Pods-PillowKit/Pods-PillowKit-frameworks.sh\"\n";
			showEnvVarsInLog = 0;
		};
		3A548F37E1F22FAF1EA6C891 /* [CP] Check Pods Manifest.lock */ = {
			isa = PBXShellScriptBuildPhase;
			buildActionMask = 2147483647;
			files = (
			);
			inputFileListPaths = (
			);
			inputPaths = (
				"${PODS_PODFILE_DIR_PATH}/Podfile.lock",
				"${PODS_ROOT}/Manifest.lock",
			);
			name = "[CP] Check Pods Manifest.lock";
			outputFileListPaths = (
			);
			outputPaths = (
				"$(DERIVED_FILE_DIR)/Pods-PillowKit-PillowKitUITests-checkManifestLockResult.txt",
			);
			runOnlyForDeploymentPostprocessing = 0;
			shellPath = /bin/sh;
			shellScript = "diff \"${PODS_PODFILE_DIR_PATH}/Podfile.lock\" \"${PODS_ROOT}/Manifest.lock\" > /dev/null\nif [ $? != 0 ] ; then\n    # print error to STDERR\n    echo \"error: The sandbox is not in sync with the Podfile.lock. Run 'pod install' or update your CocoaPods installation.\" >&2\n    exit 1\nfi\n# This output is used by Xcode 'outputs' to avoid re-running this script phase.\necho \"SUCCESS\" > \"${SCRIPT_OUTPUT_FILE_0}\"\n";
			showEnvVarsInLog = 0;
		};
		70256F4076787445B08E4F6C /* [CP] Check Pods Manifest.lock */ = {
			isa = PBXShellScriptBuildPhase;
			buildActionMask = 2147483647;
			files = (
			);
			inputFileListPaths = (
			);
			inputPaths = (
				"${PODS_PODFILE_DIR_PATH}/Podfile.lock",
				"${PODS_ROOT}/Manifest.lock",
			);
			name = "[CP] Check Pods Manifest.lock";
			outputFileListPaths = (
			);
			outputPaths = (
				"$(DERIVED_FILE_DIR)/Pods-PillowKit-checkManifestLockResult.txt",
			);
			runOnlyForDeploymentPostprocessing = 0;
			shellPath = /bin/sh;
			shellScript = "diff \"${PODS_PODFILE_DIR_PATH}/Podfile.lock\" \"${PODS_ROOT}/Manifest.lock\" > /dev/null\nif [ $? != 0 ] ; then\n    # print error to STDERR\n    echo \"error: The sandbox is not in sync with the Podfile.lock. Run 'pod install' or update your CocoaPods installation.\" >&2\n    exit 1\nfi\n# This output is used by Xcode 'outputs' to avoid re-running this script phase.\necho \"SUCCESS\" > \"${SCRIPT_OUTPUT_FILE_0}\"\n";
			showEnvVarsInLog = 0;
		};
		9283CB809653DB57A16868D9 /* [CP] Check Pods Manifest.lock */ = {
			isa = PBXShellScriptBuildPhase;
			buildActionMask = 2147483647;
			files = (
			);
			inputFileListPaths = (
			);
			inputPaths = (
				"${PODS_PODFILE_DIR_PATH}/Podfile.lock",
				"${PODS_ROOT}/Manifest.lock",
			);
			name = "[CP] Check Pods Manifest.lock";
			outputFileListPaths = (
			);
			outputPaths = (
				"$(DERIVED_FILE_DIR)/Pods-PillowKitTests-checkManifestLockResult.txt",
			);
			runOnlyForDeploymentPostprocessing = 0;
			shellPath = /bin/sh;
			shellScript = "diff \"${PODS_PODFILE_DIR_PATH}/Podfile.lock\" \"${PODS_ROOT}/Manifest.lock\" > /dev/null\nif [ $? != 0 ] ; then\n    # print error to STDERR\n    echo \"error: The sandbox is not in sync with the Podfile.lock. Run 'pod install' or update your CocoaPods installation.\" >&2\n    exit 1\nfi\n# This output is used by Xcode 'outputs' to avoid re-running this script phase.\necho \"SUCCESS\" > \"${SCRIPT_OUTPUT_FILE_0}\"\n";
			showEnvVarsInLog = 0;
		};
		F629C778ECE9EB4A936CF85A /* [CP] Embed Pods Frameworks */ = {
			isa = PBXShellScriptBuildPhase;
			buildActionMask = 2147483647;
			files = (
			);
			inputFileListPaths = (
				"${PODS_ROOT}/Target Support Files/Pods-PillowKit-PillowKitUITests/Pods-PillowKit-PillowKitUITests-frameworks-${CONFIGURATION}-input-files.xcfilelist",
			);
			name = "[CP] Embed Pods Frameworks";
			outputFileListPaths = (
				"${PODS_ROOT}/Target Support Files/Pods-PillowKit-PillowKitUITests/Pods-PillowKit-PillowKitUITests-frameworks-${CONFIGURATION}-output-files.xcfilelist",
			);
			runOnlyForDeploymentPostprocessing = 0;
			shellPath = /bin/sh;
			shellScript = "\"${PODS_ROOT}/Target Support Files/Pods-PillowKit-PillowKitUITests/Pods-PillowKit-PillowKitUITests-frameworks.sh\"\n";
			showEnvVarsInLog = 0;
		};
/* End PBXShellScriptBuildPhase section */

/* Begin PBXSourcesBuildPhase section */
		6E5B900F2A0A952D002D7DB3 /* Sources */ = {
			isa = PBXSourcesBuildPhase;
			buildActionMask = 2147483647;
			files = (
				6E5B90B92A100765002D7DB3 /* PKTextFieldWithPadding.swift in Sources */,
				6E5B90562A0A9955002D7DB3 /* HTTPQueryParams.swift in Sources */,
				6E5B907C2A0BFF9B002D7DB3 /* PKViewRules.swift in Sources */,
				6E2678E82A1663CE00ED02F3 /* PKHandler.swift in Sources */,
				6E2678EF2A191D4500ED02F3 /* SignUpViewController.swift in Sources */,
				6E5B909B2A0E5427002D7DB3 /* PKContainer.swift in Sources */,
				6E5B90C32A102CF8002D7DB3 /* PKViewBuilderProtocol.swift in Sources */,
				6E2678F62A1AAB4A00ED02F3 /* ResearchPresenter.swift in Sources */,
				6E5B901B2A0A952D002D7DB3 /* SignInViewController.swift in Sources */,
				6E5B90C12A102CB4002D7DB3 /* PKViewWrapperBuilderProtocol.swift in Sources */,
				6E5B90872A0C109B002D7DB3 /* PKContainerBuilder.swift in Sources */,
				6E5B904C2A0A9849002D7DB3 /* HTTPRequest.swift in Sources */,
				6E2678EA2A1663E500ED02F3 /* PKHandlerProtocol.swift in Sources */,
				6E5B90B02A0FDEF0002D7DB3 /* PKViewProtocol.swift in Sources */,
				6E5B90522A0A98E2002D7DB3 /* HTTPMethod.swift in Sources */,
				6E5B90692A0A9FEA002D7DB3 /* PKSecret.swift in Sources */,
				6E5B90C82A111989002D7DB3 /* PKView.swift in Sources */,
				6E5B90602A0A9C90002D7DB3 /* ViewsRulesRequest.swift in Sources */,
				6E5B90172A0A952D002D7DB3 /* AppDelegate.swift in Sources */,
				6E5B908A2A0C1150002D7DB3 /* PKProvider.swift in Sources */,
				6E5B90912A0E4F31002D7DB3 /* UIColorExtensions.swift in Sources */,
				6E5B90B72A0FF769002D7DB3 /* UIImageViewExtension.swift in Sources */,
				6E5B90A22A0E551B002D7DB3 /* PKTextField.swift in Sources */,
				6E5B90632A0A9D51002D7DB3 /* PKViewRulesResponseEntity.swift in Sources */,
				6E5B90832A0BFFFC002D7DB3 /* PKViewsData.swift in Sources */,
				6E5B908D2A0C1411002D7DB3 /* PKViewBuilder.swift in Sources */,
				6E5B909D2A0E5456002D7DB3 /* PKLabel.swift in Sources */,
				6E5B90702A0BC110002D7DB3 /* SignInPresenter.swift in Sources */,
				6E5B90C52A102D77002D7DB3 /* PKContainerBuilderProtocol.swift in Sources */,
				6E2678EC2A191B6800ED02F3 /* PKMainAPIProtocol.swift in Sources */,
				6E5B90192A0A952D002D7DB3 /* SceneDelegate.swift in Sources */,
				6E660B862A2211BE001C694E /* UIViewControllerExtensions.swift in Sources */,
				6E5B905B2A0A9B0C002D7DB3 /* PKMainAPI.swift in Sources */,
				6E5B90B32A0FE57E002D7DB3 /* UIFontsExtensions.swift in Sources */,
				6E5B906C2A0AA126002D7DB3 /* Logger.swift in Sources */,
				6E2678F42A1AAB3800ED02F3 /* ResearchViewController.swift in Sources */,
				6E5B90BF2A102C77002D7DB3 /* PKViewWrapperBuilder.swift in Sources */,
				6E5B90502A0A98BD002D7DB3 /* HTTPError.swift in Sources */,
				6E5B90A02A0E54E1002D7DB3 /* PKImageView.swift in Sources */,
				6E5B90542A0A9906002D7DB3 /* HTTPNetworkService.swift in Sources */,
				6E5B90A42A0E5543002D7DB3 /* PKButton.swift in Sources */,
				6E5B904E2A0A9887002D7DB3 /* HTTPBody.swift in Sources */,
				6E5B90662A0A9F43002D7DB3 /* PKEndpoint.swift in Sources */,
				6E5B90792A0BFD5A002D7DB3 /* PKViewsDataResponseEntity.swift in Sources */,
				6E2678F12A191D5100ED02F3 /* SignUpPresenter.swift in Sources */,
				6E5B90BC2A102B79002D7DB3 /* PKViewWrapper.swift in Sources */,
			);
			runOnlyForDeploymentPostprocessing = 0;
		};
		6E5B90252A0A9530002D7DB3 /* Sources */ = {
			isa = PBXSourcesBuildPhase;
			buildActionMask = 2147483647;
			files = (
				6E5B902E2A0A9530002D7DB3 /* PillowKitTests.swift in Sources */,
			);
			runOnlyForDeploymentPostprocessing = 0;
		};
		6E5B902F2A0A9530002D7DB3 /* Sources */ = {
			isa = PBXSourcesBuildPhase;
			buildActionMask = 2147483647;
			files = (
				6E5B903A2A0A9530002D7DB3 /* PillowKitUITestsLaunchTests.swift in Sources */,
				6E5B90382A0A9530002D7DB3 /* PillowKitUITests.swift in Sources */,
			);
			runOnlyForDeploymentPostprocessing = 0;
		};
/* End PBXSourcesBuildPhase section */

/* Begin PBXTargetDependency section */
		6E5B902B2A0A9530002D7DB3 /* PBXTargetDependency */ = {
			isa = PBXTargetDependency;
			target = 6E5B90122A0A952D002D7DB3 /* PillowKit */;
			targetProxy = 6E5B902A2A0A9530002D7DB3 /* PBXContainerItemProxy */;
		};
		6E5B90352A0A9530002D7DB3 /* PBXTargetDependency */ = {
			isa = PBXTargetDependency;
			target = 6E5B90122A0A952D002D7DB3 /* PillowKit */;
			targetProxy = 6E5B90342A0A9530002D7DB3 /* PBXContainerItemProxy */;
		};
/* End PBXTargetDependency section */

/* Begin PBXVariantGroup section */
		6E5B90212A0A952F002D7DB3 /* LaunchScreen.storyboard */ = {
			isa = PBXVariantGroup;
			children = (
				6E5B90222A0A952F002D7DB3 /* Base */,
			);
			name = LaunchScreen.storyboard;
			sourceTree = "<group>";
		};
/* End PBXVariantGroup section */

/* Begin XCBuildConfiguration section */
		6E5B903B2A0A9530002D7DB3 /* Debug */ = {
			isa = XCBuildConfiguration;
			buildSettings = {
				ALWAYS_SEARCH_USER_PATHS = NO;
				CLANG_ANALYZER_NONNULL = YES;
				CLANG_ANALYZER_NUMBER_OBJECT_CONVERSION = YES_AGGRESSIVE;
				CLANG_CXX_LANGUAGE_STANDARD = "gnu++17";
				CLANG_ENABLE_MODULES = YES;
				CLANG_ENABLE_OBJC_ARC = YES;
				CLANG_ENABLE_OBJC_WEAK = YES;
				CLANG_WARN_BLOCK_CAPTURE_AUTORELEASING = YES;
				CLANG_WARN_BOOL_CONVERSION = YES;
				CLANG_WARN_COMMA = YES;
				CLANG_WARN_CONSTANT_CONVERSION = YES;
				CLANG_WARN_DEPRECATED_OBJC_IMPLEMENTATIONS = YES;
				CLANG_WARN_DIRECT_OBJC_ISA_USAGE = YES_ERROR;
				CLANG_WARN_DOCUMENTATION_COMMENTS = YES;
				CLANG_WARN_EMPTY_BODY = YES;
				CLANG_WARN_ENUM_CONVERSION = YES;
				CLANG_WARN_INFINITE_RECURSION = YES;
				CLANG_WARN_INT_CONVERSION = YES;
				CLANG_WARN_NON_LITERAL_NULL_CONVERSION = YES;
				CLANG_WARN_OBJC_IMPLICIT_RETAIN_SELF = YES;
				CLANG_WARN_OBJC_LITERAL_CONVERSION = YES;
				CLANG_WARN_OBJC_ROOT_CLASS = YES_ERROR;
				CLANG_WARN_QUOTED_INCLUDE_IN_FRAMEWORK_HEADER = YES;
				CLANG_WARN_RANGE_LOOP_ANALYSIS = YES;
				CLANG_WARN_STRICT_PROTOTYPES = YES;
				CLANG_WARN_SUSPICIOUS_MOVE = YES;
				CLANG_WARN_UNGUARDED_AVAILABILITY = YES_AGGRESSIVE;
				CLANG_WARN_UNREACHABLE_CODE = YES;
				CLANG_WARN__DUPLICATE_METHOD_MATCH = YES;
				COPY_PHASE_STRIP = NO;
				DEBUG_INFORMATION_FORMAT = dwarf;
				ENABLE_STRICT_OBJC_MSGSEND = YES;
				ENABLE_TESTABILITY = YES;
				GCC_C_LANGUAGE_STANDARD = gnu11;
				GCC_DYNAMIC_NO_PIC = NO;
				GCC_NO_COMMON_BLOCKS = YES;
				GCC_OPTIMIZATION_LEVEL = 0;
				GCC_PREPROCESSOR_DEFINITIONS = (
					"DEBUG=1",
					"$(inherited)",
				);
				GCC_WARN_64_TO_32_BIT_CONVERSION = YES;
				GCC_WARN_ABOUT_RETURN_TYPE = YES_ERROR;
				GCC_WARN_UNDECLARED_SELECTOR = YES;
				GCC_WARN_UNINITIALIZED_AUTOS = YES_AGGRESSIVE;
				GCC_WARN_UNUSED_FUNCTION = YES;
				GCC_WARN_UNUSED_VARIABLE = YES;
				IPHONEOS_DEPLOYMENT_TARGET = 15.5;
				MTL_ENABLE_DEBUG_INFO = INCLUDE_SOURCE;
				MTL_FAST_MATH = YES;
				ONLY_ACTIVE_ARCH = YES;
				SDKROOT = iphoneos;
				SWIFT_ACTIVE_COMPILATION_CONDITIONS = DEBUG;
				SWIFT_OPTIMIZATION_LEVEL = "-Onone";
			};
			name = Debug;
		};
		6E5B903C2A0A9530002D7DB3 /* Release */ = {
			isa = XCBuildConfiguration;
			buildSettings = {
				ALWAYS_SEARCH_USER_PATHS = NO;
				CLANG_ANALYZER_NONNULL = YES;
				CLANG_ANALYZER_NUMBER_OBJECT_CONVERSION = YES_AGGRESSIVE;
				CLANG_CXX_LANGUAGE_STANDARD = "gnu++17";
				CLANG_ENABLE_MODULES = YES;
				CLANG_ENABLE_OBJC_ARC = YES;
				CLANG_ENABLE_OBJC_WEAK = YES;
				CLANG_WARN_BLOCK_CAPTURE_AUTORELEASING = YES;
				CLANG_WARN_BOOL_CONVERSION = YES;
				CLANG_WARN_COMMA = YES;
				CLANG_WARN_CONSTANT_CONVERSION = YES;
				CLANG_WARN_DEPRECATED_OBJC_IMPLEMENTATIONS = YES;
				CLANG_WARN_DIRECT_OBJC_ISA_USAGE = YES_ERROR;
				CLANG_WARN_DOCUMENTATION_COMMENTS = YES;
				CLANG_WARN_EMPTY_BODY = YES;
				CLANG_WARN_ENUM_CONVERSION = YES;
				CLANG_WARN_INFINITE_RECURSION = YES;
				CLANG_WARN_INT_CONVERSION = YES;
				CLANG_WARN_NON_LITERAL_NULL_CONVERSION = YES;
				CLANG_WARN_OBJC_IMPLICIT_RETAIN_SELF = YES;
				CLANG_WARN_OBJC_LITERAL_CONVERSION = YES;
				CLANG_WARN_OBJC_ROOT_CLASS = YES_ERROR;
				CLANG_WARN_QUOTED_INCLUDE_IN_FRAMEWORK_HEADER = YES;
				CLANG_WARN_RANGE_LOOP_ANALYSIS = YES;
				CLANG_WARN_STRICT_PROTOTYPES = YES;
				CLANG_WARN_SUSPICIOUS_MOVE = YES;
				CLANG_WARN_UNGUARDED_AVAILABILITY = YES_AGGRESSIVE;
				CLANG_WARN_UNREACHABLE_CODE = YES;
				CLANG_WARN__DUPLICATE_METHOD_MATCH = YES;
				COPY_PHASE_STRIP = NO;
				DEBUG_INFORMATION_FORMAT = "dwarf-with-dsym";
				ENABLE_NS_ASSERTIONS = NO;
				ENABLE_STRICT_OBJC_MSGSEND = YES;
				GCC_C_LANGUAGE_STANDARD = gnu11;
				GCC_NO_COMMON_BLOCKS = YES;
				GCC_WARN_64_TO_32_BIT_CONVERSION = YES;
				GCC_WARN_ABOUT_RETURN_TYPE = YES_ERROR;
				GCC_WARN_UNDECLARED_SELECTOR = YES;
				GCC_WARN_UNINITIALIZED_AUTOS = YES_AGGRESSIVE;
				GCC_WARN_UNUSED_FUNCTION = YES;
				GCC_WARN_UNUSED_VARIABLE = YES;
				IPHONEOS_DEPLOYMENT_TARGET = 15.5;
				MTL_ENABLE_DEBUG_INFO = NO;
				MTL_FAST_MATH = YES;
				SDKROOT = iphoneos;
				SWIFT_COMPILATION_MODE = wholemodule;
				SWIFT_OPTIMIZATION_LEVEL = "-O";
				VALIDATE_PRODUCT = YES;
			};
			name = Release;
		};
		6E5B903E2A0A9530002D7DB3 /* Debug */ = {
			isa = XCBuildConfiguration;
			baseConfigurationReference = 1968AE7A8200A1B1F8A8CAD9 /* Pods-PillowKit.debug.xcconfig */;
			buildSettings = {
				ASSETCATALOG_COMPILER_APPICON_NAME = AppIcon;
				ASSETCATALOG_COMPILER_GLOBAL_ACCENT_COLOR_NAME = AccentColor;
				CODE_SIGN_STYLE = Automatic;
				CURRENT_PROJECT_VERSION = 1;
				DEVELOPMENT_TEAM = 6DXMV9JDR9;
				GENERATE_INFOPLIST_FILE = YES;
				INFOPLIST_FILE = PillowKit/Info.plist;
				INFOPLIST_KEY_UIApplicationSupportsIndirectInputEvents = YES;
				INFOPLIST_KEY_UILaunchStoryboardName = LaunchScreen;
				INFOPLIST_KEY_UISupportedInterfaceOrientations_iPad = "UIInterfaceOrientationPortrait UIInterfaceOrientationPortraitUpsideDown UIInterfaceOrientationLandscapeLeft UIInterfaceOrientationLandscapeRight";
				INFOPLIST_KEY_UISupportedInterfaceOrientations_iPhone = "UIInterfaceOrientationPortrait UIInterfaceOrientationLandscapeLeft UIInterfaceOrientationLandscapeRight";
				LD_RUNPATH_SEARCH_PATHS = (
					"$(inherited)",
					"@executable_path/Frameworks",
				);
				MARKETING_VERSION = 1.0;
				PRODUCT_BUNDLE_IDENTIFIER = PDS.PillowKit;
				PRODUCT_NAME = "$(TARGET_NAME)";
				SWIFT_EMIT_LOC_STRINGS = YES;
				SWIFT_VERSION = 5.0;
				TARGETED_DEVICE_FAMILY = "1,2";
			};
			name = Debug;
		};
		6E5B903F2A0A9530002D7DB3 /* Release */ = {
			isa = XCBuildConfiguration;
			baseConfigurationReference = FD72F1FBD6F1A3DB394261FD /* Pods-PillowKit.release.xcconfig */;
			buildSettings = {
				ASSETCATALOG_COMPILER_APPICON_NAME = AppIcon;
				ASSETCATALOG_COMPILER_GLOBAL_ACCENT_COLOR_NAME = AccentColor;
				CODE_SIGN_STYLE = Automatic;
				CURRENT_PROJECT_VERSION = 1;
				DEVELOPMENT_TEAM = 6DXMV9JDR9;
				GENERATE_INFOPLIST_FILE = YES;
				INFOPLIST_FILE = PillowKit/Info.plist;
				INFOPLIST_KEY_UIApplicationSupportsIndirectInputEvents = YES;
				INFOPLIST_KEY_UILaunchStoryboardName = LaunchScreen;
				INFOPLIST_KEY_UISupportedInterfaceOrientations_iPad = "UIInterfaceOrientationPortrait UIInterfaceOrientationPortraitUpsideDown UIInterfaceOrientationLandscapeLeft UIInterfaceOrientationLandscapeRight";
				INFOPLIST_KEY_UISupportedInterfaceOrientations_iPhone = "UIInterfaceOrientationPortrait UIInterfaceOrientationLandscapeLeft UIInterfaceOrientationLandscapeRight";
				LD_RUNPATH_SEARCH_PATHS = (
					"$(inherited)",
					"@executable_path/Frameworks",
				);
				MARKETING_VERSION = 1.0;
				PRODUCT_BUNDLE_IDENTIFIER = PDS.PillowKit;
				PRODUCT_NAME = "$(TARGET_NAME)";
				SWIFT_EMIT_LOC_STRINGS = YES;
				SWIFT_VERSION = 5.0;
				TARGETED_DEVICE_FAMILY = "1,2";
			};
			name = Release;
		};
		6E5B90412A0A9530002D7DB3 /* Debug */ = {
			isa = XCBuildConfiguration;
			baseConfigurationReference = A91677EAC6DBCCFD8FBA90B4 /* Pods-PillowKitTests.debug.xcconfig */;
			buildSettings = {
				ALWAYS_EMBED_SWIFT_STANDARD_LIBRARIES = YES;
				BUNDLE_LOADER = "$(TEST_HOST)";
				CODE_SIGN_STYLE = Automatic;
				CURRENT_PROJECT_VERSION = 1;
				DEVELOPMENT_TEAM = 6DXMV9JDR9;
				GENERATE_INFOPLIST_FILE = YES;
				IPHONEOS_DEPLOYMENT_TARGET = 15.5;
				MARKETING_VERSION = 1.0;
				PRODUCT_BUNDLE_IDENTIFIER = BMSTU.PillowKitTests;
				PRODUCT_NAME = "$(TARGET_NAME)";
				SWIFT_EMIT_LOC_STRINGS = NO;
				SWIFT_VERSION = 5.0;
				TARGETED_DEVICE_FAMILY = "1,2";
				TEST_HOST = "$(BUILT_PRODUCTS_DIR)/PillowKit.app/PillowKit";
			};
			name = Debug;
		};
		6E5B90422A0A9530002D7DB3 /* Release */ = {
			isa = XCBuildConfiguration;
			baseConfigurationReference = 49859F25AF67D6D1DDE68B62 /* Pods-PillowKitTests.release.xcconfig */;
			buildSettings = {
				ALWAYS_EMBED_SWIFT_STANDARD_LIBRARIES = YES;
				BUNDLE_LOADER = "$(TEST_HOST)";
				CODE_SIGN_STYLE = Automatic;
				CURRENT_PROJECT_VERSION = 1;
				DEVELOPMENT_TEAM = 6DXMV9JDR9;
				GENERATE_INFOPLIST_FILE = YES;
				IPHONEOS_DEPLOYMENT_TARGET = 15.5;
				MARKETING_VERSION = 1.0;
				PRODUCT_BUNDLE_IDENTIFIER = BMSTU.PillowKitTests;
				PRODUCT_NAME = "$(TARGET_NAME)";
				SWIFT_EMIT_LOC_STRINGS = NO;
				SWIFT_VERSION = 5.0;
				TARGETED_DEVICE_FAMILY = "1,2";
				TEST_HOST = "$(BUILT_PRODUCTS_DIR)/PillowKit.app/PillowKit";
			};
			name = Release;
		};
		6E5B90442A0A9530002D7DB3 /* Debug */ = {
			isa = XCBuildConfiguration;
			baseConfigurationReference = 54434D0C2F9FF0C41F88075C /* Pods-PillowKit-PillowKitUITests.debug.xcconfig */;
			buildSettings = {
				ALWAYS_EMBED_SWIFT_STANDARD_LIBRARIES = YES;
				CODE_SIGN_STYLE = Automatic;
				CURRENT_PROJECT_VERSION = 1;
				DEVELOPMENT_TEAM = 6DXMV9JDR9;
				GENERATE_INFOPLIST_FILE = YES;
				MARKETING_VERSION = 1.0;
				PRODUCT_BUNDLE_IDENTIFIER = BMSTU.PillowKitUITests;
				PRODUCT_NAME = "$(TARGET_NAME)";
				SWIFT_EMIT_LOC_STRINGS = NO;
				SWIFT_VERSION = 5.0;
				TARGETED_DEVICE_FAMILY = "1,2";
				TEST_TARGET_NAME = PillowKit;
			};
			name = Debug;
		};
		6E5B90452A0A9530002D7DB3 /* Release */ = {
			isa = XCBuildConfiguration;
			baseConfigurationReference = 2328294140D1AEBDADAB2089 /* Pods-PillowKit-PillowKitUITests.release.xcconfig */;
			buildSettings = {
				ALWAYS_EMBED_SWIFT_STANDARD_LIBRARIES = YES;
				CODE_SIGN_STYLE = Automatic;
				CURRENT_PROJECT_VERSION = 1;
				DEVELOPMENT_TEAM = 6DXMV9JDR9;
				GENERATE_INFOPLIST_FILE = YES;
				MARKETING_VERSION = 1.0;
				PRODUCT_BUNDLE_IDENTIFIER = BMSTU.PillowKitUITests;
				PRODUCT_NAME = "$(TARGET_NAME)";
				SWIFT_EMIT_LOC_STRINGS = NO;
				SWIFT_VERSION = 5.0;
				TARGETED_DEVICE_FAMILY = "1,2";
				TEST_TARGET_NAME = PillowKit;
			};
			name = Release;
		};
/* End XCBuildConfiguration section */

/* Begin XCConfigurationList section */
		6E5B900E2A0A952D002D7DB3 /* Build configuration list for PBXProject "PillowKit" */ = {
			isa = XCConfigurationList;
			buildConfigurations = (
				6E5B903B2A0A9530002D7DB3 /* Debug */,
				6E5B903C2A0A9530002D7DB3 /* Release */,
			);
			defaultConfigurationIsVisible = 0;
			defaultConfigurationName = Release;
		};
		6E5B903D2A0A9530002D7DB3 /* Build configuration list for PBXNativeTarget "PillowKit" */ = {
			isa = XCConfigurationList;
			buildConfigurations = (
				6E5B903E2A0A9530002D7DB3 /* Debug */,
				6E5B903F2A0A9530002D7DB3 /* Release */,
			);
			defaultConfigurationIsVisible = 0;
			defaultConfigurationName = Release;
		};
		6E5B90402A0A9530002D7DB3 /* Build configuration list for PBXNativeTarget "PillowKitTests" */ = {
			isa = XCConfigurationList;
			buildConfigurations = (
				6E5B90412A0A9530002D7DB3 /* Debug */,
				6E5B90422A0A9530002D7DB3 /* Release */,
			);
			defaultConfigurationIsVisible = 0;
			defaultConfigurationName = Release;
		};
		6E5B90432A0A9530002D7DB3 /* Build configuration list for PBXNativeTarget "PillowKitUITests" */ = {
			isa = XCConfigurationList;
			buildConfigurations = (
				6E5B90442A0A9530002D7DB3 /* Debug */,
				6E5B90452A0A9530002D7DB3 /* Release */,
			);
			defaultConfigurationIsVisible = 0;
			defaultConfigurationName = Release;
		};
/* End XCConfigurationList section */
	};
	rootObject = 6E5B900B2A0A952D002D7DB3 /* Project object */;
}
